<?xml version="1.0" encoding="utf-8"?>
<Project ToolsVersion="4.0" xmlns="http://schemas.microsoft.com/developer/msbuild/2003">
  <ItemGroup>
    <Filter Include="源文件">
      <UniqueIdentifier>{4FC737F1-C7A5-4376-A066-2A32D752A2FF}</UniqueIdentifier>
      <Extensions>cpp;c;cc;cxx;def;odl;idl;hpj;bat;asm;asmx</Extensions>
    </Filter>
    <Filter Include="头文件">
      <UniqueIdentifier>{93995380-89BD-4b04-88EB-625FBE52EBFB}</UniqueIdentifier>
      <Extensions>h;hpp;hxx;hm;inl;inc;xsd</Extensions>
    </Filter>
    <Filter Include="资源文件">
      <UniqueIdentifier>{67DA6AB6-F800-4c08-8B7A-83BB121AAD01}</UniqueIdentifier>
      <Extensions>rc;ico;cur;bmp;dlg;rc2;rct;bin;rgs;gif;jpg;jpeg;jpe;resx;tiff;tif;png;wav;mfcribbon-ms</Extensions>
    </Filter>
    <Filter Include="DecklinkAPI">
      <UniqueIdentifier>{e3fcf904-2461-48ec-b25a-aa0ea3fd1d9b}</UniqueIdentifier>
    </Filter>
  </ItemGroup>
  <ItemGroup>
    <Text Include="ReadMe.txt" />
  </ItemGroup>
  <ItemGroup>
    <ClInclude Include="GPothka.MainWin.h">
      <Filter>头文件</Filter>
    </ClInclude>
    <ClInclude Include="GPothka.MainWinDlg.h">
      <Filter>头文件</Filter>
    </ClInclude>
    <ClInclude Include="stdafx.h">
      <Filter>头文件</Filter>
    </ClInclude>
    <ClInclude Include="targetver.h">
      <Filter>头文件</Filter>
    </ClInclude>
    <ClInclude Include="Resource.h">
      <Filter>头文件</Filter>
    </ClInclude>
    <ClInclude Include="AppWorkPlant.h">
      <Filter>头文件</Filter>
    </ClInclude>
    <ClInclude Include="LoggerModule.h">
      <Filter>头文件</Filter>
    </ClInclude>
    <ClInclude Include="Basedatatype.h">
      <Filter>头文件</Filter>
    </ClInclude>
    <ClInclude Include="Global.h">
      <Filter>头文件</Filter>
    </ClInclude>
    <ClInclude Include="RockerControlModule.h">
      <Filter>头文件</Filter>
    </ClInclude>
    <ClInclude Include="TrackRepeatModule.h">
      <Filter>头文件</Filter>
    </ClInclude>
    <ClInclude Include="importData.h">
      <Filter>头文件</Filter>
    </ClInclude>
    <ClInclude Include="TimeSetDlg.h">
      <Filter>头文件</Filter>
    </ClInclude>
    <ClInclude Include="GP_Lens_Fujinon.h">
      <Filter>头文件</Filter>
    </ClInclude>
    <ClInclude Include="CFuSerialPort.h">
      <Filter>头文件</Filter>
    </ClInclude>
    <ClInclude Include="CameraControlDlg.h">
      <Filter>头文件</Filter>
    </ClInclude>
    <ClInclude Include="SpeedSetDlg.h">
      <Filter>头文件</Filter>
    </ClInclude>
    <ClInclude Include="GP_Lens_Canon.h">
      <Filter>头文件</Filter>
    </ClInclude>
    <ClInclude Include="NameSetDlg.h">
      <Filter>头文件</Filter>
    </ClInclude>
    <ClInclude Include="DeckLinkAPI_h.h">
      <Filter>DecklinkAPI</Filter>
    </ClInclude>
    <ClInclude Include="DeckLinkDevice.h">
      <Filter>头文件</Filter>
    </ClInclude>
    <ClInclude Include="MocoLog.h">
      <Filter>头文件</Filter>
    </ClInclude>
  </ItemGroup>
  <ItemGroup>
    <ClCompile Include="GPothka.MainWin.cpp">
      <Filter>源文件</Filter>
    </ClCompile>
    <ClCompile Include="GPothka.MainWinDlg.cpp">
      <Filter>源文件</Filter>
    </ClCompile>
    <ClCompile Include="stdafx.cpp">
      <Filter>源文件</Filter>
    </ClCompile>
    <ClCompile Include="AppWorkPlant.cpp">
      <Filter>源文件</Filter>
    </ClCompile>
    <ClCompile Include="LoggerModule.cpp">
      <Filter>源文件</Filter>
    </ClCompile>
    <ClCompile Include="Global.cpp">
      <Filter>源文件</Filter>
    </ClCompile>
    <ClCompile Include="RockerControlModule.cpp">
      <Filter>源文件</Filter>
    </ClCompile>
    <ClCompile Include="TrackRepeatModule.cpp">
      <Filter>源文件</Filter>
    </ClCompile>
    <ClCompile Include="importData.cpp">
      <Filter>源文件</Filter>
    </ClCompile>
    <ClCompile Include="TimeSetDlg.cpp">
      <Filter>源文件</Filter>
    </ClCompile>
    <ClCompile Include="GP_Lens_Fujinon.cpp">
      <Filter>源文件</Filter>
    </ClCompile>
    <ClCompile Include="CFuSerialPort.cpp">
      <Filter>源文件</Filter>
    </ClCompile>
    <ClCompile Include="CameraControlDlg.cpp">
      <Filter>源文件</Filter>
    </ClCompile>
    <ClCompile Include="SpeedSetDlg.cpp">
      <Filter>源文件</Filter>
    </ClCompile>
    <ClCompile Include="GP_Lens_Canon.cpp">
      <Filter>源文件</Filter>
    </ClCompile>
    <ClCompile Include="NameSetDlg.cpp">
      <Filter>源文件</Filter>
    </ClCompile>
    <ClCompile Include="DeckLinkAPI_i.c">
      <Filter>DecklinkAPI</Filter>
    </ClCompile>
    <ClCompile Include="DeckLinkDevice.cpp">
      <Filter>源文件</Filter>
    </ClCompile>
    <ClCompile Include="MocoLog.cpp">
      <Filter>源文件</Filter>
    </ClCompile>
  </ItemGroup>
  <ItemGroup>
    <ResourceCompile Include="GPothka.MainWin.rc">
      <Filter>资源文件</Filter>
    </ResourceCompile>
  </ItemGroup>
  <ItemGroup>
    <None Include="res\GPothkaMainWin.rc2">
      <Filter>资源文件</Filter>
    </None>
  </ItemGroup>
  <ItemGroup>
    <Image Include="res\GPothka.MainWin.ico">
      <Filter>资源文件</Filter>
    </Image>
  </ItemGroup>
</Project>